
Microsoft Visual Studio Solution File, Format Version 12.00
# Visual Studio 2012
Project("{FAE04EC0-301F-11D3-BF4B-00C04F79EFBC}") = "PascalTriangle", "PROG2\PascalTriangle.csproj", "{CDC85E20-A3D2-4A22-81B9-8171B25BA890}"
EndProject
Project("{FAE04EC0-301F-11D3-BF4B-00C04F79EFBC}") = "Module1", "Module1\Module1.csproj", "{83D7034F-8310-4767-825D-BDB30CACDB16}"
EndProject
Project("{FAE04EC0-301F-11D3-BF4B-00C04F79EFBC}") = "Module2", "Module2\Module2.csproj", "{BADF8790-F618-4340-8ED4-A43D0A870145}"
EndProject
Project("{FAE04EC0-301F-11D3-BF4B-00C04F79EFBC}") = "Module3", "Module3\Module3.csproj", "{379D52B7-FF61-41A1-932D-E5FDC9F4F86B}"
EndProject
Global
	GlobalSection(SolutionConfigurationPlatforms) = preSolution
		Debug|x86 = Debug|x86
		Release|x86 = Release|x86
	EndGlobalSection
	GlobalSection(ProjectConfigurationPlatforms) = postSolution
		{CDC85E20-A3D2-4A22-81B9-8171B25BA890}.Debug|x86.ActiveCfg = Debug|x86
		{CDC85E20-A3D2-4A22-81B9-8171B25BA890}.Debug|x86.Build.0 = Debug|x86
		{CDC85E20-A3D2-4A22-81B9-8171B25BA890}.Release|x86.ActiveCfg = Release|x86
		{CDC85E20-A3D2-4A22-81B9-8171B25BA890}.Release|x86.Build.0 = Release|x86
		{83D7034F-8310-4767-825D-BDB30CACDB16}.Debug|x86.ActiveCfg = Debug|x86
		{83D7034F-8310-4767-825D-BDB30CACDB16}.Debug|x86.Build.0 = Debug|x86
		{83D7034F-8310-4767-825D-BDB30CACDB16}.Release|x86.ActiveCfg = Release|x86
		{83D7034F-8310-4767-825D-BDB30CACDB16}.Release|x86.Build.0 = Release|x86
		{BADF8790-F618-4340-8ED4-A43D0A870145}.Debug|x86.ActiveCfg = Debug|x86
		{BADF8790-F618-4340-8ED4-A43D0A870145}.Debug|x86.Build.0 = Debug|x86
		{BADF8790-F618-4340-8ED4-A43D0A870145}.Release|x86.ActiveCfg = Release|x86
		{BADF8790-F618-4340-8ED4-A43D0A870145}.Release|x86.Build.0 = Release|x86
		{379D52B7-FF61-41A1-932D-E5FDC9F4F86B}.Debug|x86.ActiveCfg = Debug|x86
		{379D52B7-FF61-41A1-932D-E5FDC9F4F86B}.Debug|x86.Build.0 = Debug|x86
		{379D52B7-FF61-41A1-932D-E5FDC9F4F86B}.Release|x86.ActiveCfg = Release|x86
		{379D52B7-FF61-41A1-932D-E5FDC9F4F86B}.Release|x86.Build.0 = Release|x86
	EndGlobalSection
EndGlobal
